{
  "nodes": {
    "home-manager": {
      "inputs": {
        "nixpkgs": [
          "nixpkgs"
        ]
      },
      "locked": {
        "lastModified": 1774007980,
        "narHash": "sha256-FOnZjElEI8pqqCvB6K/1JRHTE8o4rer8driivTpq2uo=",
        "owner": "nix-community",
        "repo": "home-manager",
        "rev": "9670de2921812bc4e0452f6e3efd8c859696c183",
        "type": "github"
      },
      "original": {
        "owner": "nix-community",
        "repo": "home-manager",
        "type": "github"
      }
    },
    "nixpkgs": {
      "locked": {
        "lastModified": 1773821835,
        "narHash": "sha256-TJ3lSQtW0E2JrznGVm8hOQGVpXjJyXY2guAxku2O9A4=",
        "owner": "NixOS",
        "repo": "nixpkgs",
        "rev": "b40629efe5d6ec48dd1efba650c797ddbd39ace0",
        "type": "github"
      },
      "original": {
        "owner": "NixOS",
        "ref": "nixos-unstable",
        "repo": "nixpkgs",
        "type": "github"
      }
    },
    "nixpkgs-node22": {
      "locked": {
        "lastModified": 1737479990,
        "narHash": "sha256-QylNS9XKZJLw7Vb0Uu9XSgoEoSn05U5dziR9O/KvoYo=",
        "owner": "NixOS",
        "repo": "nixpkgs",
        "rev": "a9eac74572da24c4c1d670e1d69055c5603870d1",
        "type": "github"
      },
      "original": {
        "owner": "NixOS",
        "repo": "nixpkgs",
        "rev": "a9eac74572da24c4c1d670e1d69055c5603870d1",
        "type": "github"
      }
    },
    "root": {
      "inputs": {
        "home-manager": "home-manager",
        "nixpkgs": "nixpkgs",
        "nixpkgs-node22": "nixpkgs-node22"
      }
    }
  },
  "root": "root",
  "version": 7
}
